
Microsoft Visual Studio Solution File, Format Version 12.00
# Visual Studio Version 17
VisualStudioVersion = 17.4.33213.308
MinimumVisualStudioVersion = 10.0.40219.1
Project("{FAE04EC0-301F-11D3-BF4B-00C04F79EFBC}") = "CleaningCompany", "CleaningCompany\CleaningCompany.csproj", "{F2827BAA-7427-41BD-AA85-A39AE95D76C4}"
EndProject
Global
	GlobalSection(SolutionConfigurationPlatforms) = preSolution
		Debug|Any CPU = Debug|Any CPU
		Release|Any CPU = Release|Any CPU
	EndGlobalSection
	GlobalSection(ProjectConfigurationPlatforms) = postSolution
		{F2827BAA-7427-41BD-AA85-A39AE95D76C4}.Debug|Any CPU.ActiveCfg = Debug|Any CPU
		{F2827BAA-7427-41BD-AA85-A39AE95D76C4}.Debug|Any CPU.Build.0 = Debug|Any CPU
		{F2827BAA-7427-41BD-AA85-A39AE95D76C4}.Release|Any CPU.ActiveCfg = Release|Any CPU
		{F2827BAA-7427-41BD-AA85-A39AE95D76C4}.Release|Any CPU.Build.0 = Release|Any CPU
	EndGlobalSection
	GlobalSection(SolutionProperties) = preSolution
		HideSolutionNode = FALSE
	EndGlobalSection
	GlobalSection(ExtensibilityGlobals) = postSolution
		SolutionGuid = {6ABFABF1-8F44-45AB-99BF-BA17DF2FD66B}
	EndGlobalSection
EndGlobal
